// !$*UTF8*$!
{
	archiveVersion = 1;
	classes = {
	};
	objectVersion = 46;
	objects = {

/* Begin PBXBuildFile section */
		916B689B1F1F3C74001D1FDF /* openCVBookTests.mm in Sources */ = {isa = PBXBuildFile; fileRef = 916B689A1F1F3C74001D1FDF /* openCVBookTests.mm */; };
		916B68A01F1F3CF6001D1FDF /* libopencv_aruco.3.2.0.dylib in Frameworks */ = {isa = PBXBuildFile; fileRef = 91D1D0861EAFEDDB001A293E /* libopencv_aruco.3.2.0.dylib */; };
		916B68A11F1F3CF6001D1FDF /* libopencv_bgsegm.3.2.0.dylib in Frameworks */ = {isa = PBXBuildFile; fileRef = 91D1D0871EAFEDDB001A293E /* libopencv_bgsegm.3.2.0.dylib */; };
		916B68A21F1F3CF6001D1FDF /* libopencv_bioinspired.3.2.0.dylib in Frameworks */ = {isa = PBXBuildFile; fileRef = 91D1D0881EAFEDDB001A293E /* libopencv_bioinspired.3.2.0.dylib */; };
		916B68A31F1F3CF6001D1FDF /* libopencv_calib3d.3.2.0.dylib in Frameworks */ = {isa = PBXBuildFile; fileRef = 91D1D0891EAFEDDB001A293E /* libopencv_calib3d.3.2.0.dylib */; };
		916B68A41F1F3CF6001D1FDF /* libopencv_ccalib.3.2.0.dylib in Frameworks */ = {isa = PBXBuildFile; fileRef = 91D1D08A1EAFEDDB001A293E /* libopencv_ccalib.3.2.0.dylib */; };
		916B68A51F1F3CF6001D1FDF /* libopencv_core.3.2.0.dylib in Frameworks */ = {isa = PBXBuildFile; fileRef = 91D1D08B1EAFEDDB001A293E /* libopencv_core.3.2.0.dylib */; };
		916B68A61F1F3CF6001D1FDF /* libopencv_datasets.3.2.0.dylib in Frameworks */ = {isa = PBXBuildFile; fileRef = 91D1D08C1EAFEDDB001A293E /* libopencv_datasets.3.2.0.dylib */; };
		916B68A71F1F3CF6001D1FDF /* libopencv_dnn.3.2.0.dylib in Frameworks */ = {isa = PBXBuildFile; fileRef = 91D1D08D1EAFEDDB001A293E /* libopencv_dnn.3.2.0.dylib */; };
		916B68A81F1F3CF6001D1FDF /* libopencv_dpm.3.2.0.dylib in Frameworks */ = {isa = PBXBuildFile; fileRef = 91D1D08E1EAFEDDB001A293E /* libopencv_dpm.3.2.0.dylib */; };
		916B68A91F1F3CF6001D1FDF /* libopencv_face.3.2.0.dylib in Frameworks */ = {isa = PBXBuildFile; fileRef = 91D1D08F1EAFEDDB001A293E /* libopencv_face.3.2.0.dylib */; };
		916B68AA1F1F3CF6001D1FDF /* libopencv_features2d.3.2.0.dylib in Frameworks */ = {isa = PBXBuildFile; fileRef = 91D1D0901EAFEDDB001A293E /* libopencv_features2d.3.2.0.dylib */; };
		916B68AB1F1F3CF6001D1FDF /* libopencv_flann.3.2.0.dylib in Frameworks */ = {isa = PBXBuildFile; fileRef = 91D1D0911EAFEDDB001A293E /* libopencv_flann.3.2.0.dylib */; };
		916B68AC1F1F3CF6001D1FDF /* libopencv_fuzzy.3.2.0.dylib in Frameworks */ = {isa = PBXBuildFile; fileRef = 91D1D0921EAFEDDB001A293E /* libopencv_fuzzy.3.2.0.dylib */; };
		916B68AD1F1F3CF6001D1FDF /* libopencv_highgui.3.2.0.dylib in Frameworks */ = {isa = PBXBuildFile; fileRef = 91D1D0931EAFEDDB001A293E /* libopencv_highgui.3.2.0.dylib */; };
		916B68AE1F1F3CF6001D1FDF /* libopencv_imgcodecs.3.2.0.dylib in Frameworks */ = {isa = PBXBuildFile; fileRef = 91D1D0941EAFEDDB001A293E /* libopencv_imgcodecs.3.2.0.dylib */; };
		916B68AF1F1F3CF6001D1FDF /* libopencv_imgproc.3.2.0.dylib in Frameworks */ = {isa = PBXBuildFile; fileRef = 91D1D0951EAFEDDB001A293E /* libopencv_imgproc.3.2.0.dylib */; };
		916B68B01F1F3CF6001D1FDF /* libopencv_line_descriptor.3.2.0.dylib in Frameworks */ = {isa = PBXBuildFile; fileRef = 91D1D0961EAFEDDB001A293E /* libopencv_line_descriptor.3.2.0.dylib */; };
		916B68B11F1F3CF6001D1FDF /* libopencv_ml.3.2.0.dylib in Frameworks */ = {isa = PBXBuildFile; fileRef = 91D1D0971EAFEDDB001A293E /* libopencv_ml.3.2.0.dylib */; };
		916B68B21F1F3CF6001D1FDF /* libopencv_objdetect.3.2.0.dylib in Frameworks */ = {isa = PBXBuildFile; fileRef = 91D1D0981EAFEDDB001A293E /* libopencv_objdetect.3.2.0.dylib */; };
		916B68B31F1F3CF6001D1FDF /* libopencv_optflow.3.2.0.dylib in Frameworks */ = {isa = PBXBuildFile; fileRef = 91D1D0991EAFEDDB001A293E /* libopencv_optflow.3.2.0.dylib */; };
		916B68B41F1F3CF6001D1FDF /* libopencv_phase_unwrapping.3.2.0.dylib in Frameworks */ = {isa = PBXBuildFile; fileRef = 91D1D09A1EAFEDDB001A293E /* libopencv_phase_unwrapping.3.2.0.dylib */; };
		916B68B51F1F3CF6001D1FDF /* libopencv_photo.3.2.0.dylib in Frameworks */ = {isa = PBXBuildFile; fileRef = 91D1D09B1EAFEDDB001A293E /* libopencv_photo.3.2.0.dylib */; };
		916B68B61F1F3CF6001D1FDF /* libopencv_plot.3.2.0.dylib in Frameworks */ = {isa = PBXBuildFile; fileRef = 91D1D09C1EAFEDDB001A293E /* libopencv_plot.3.2.0.dylib */; };
		916B68B71F1F3CF6001D1FDF /* libopencv_reg.3.2.0.dylib in Frameworks */ = {isa = PBXBuildFile; fileRef = 91D1D09D1EAFEDDB001A293E /* libopencv_reg.3.2.0.dylib */; };
		916B68B81F1F3CF6001D1FDF /* libopencv_rgbd.3.2.0.dylib in Frameworks */ = {isa = PBXBuildFile; fileRef = 91D1D09E1EAFEDDB001A293E /* libopencv_rgbd.3.2.0.dylib */; };
		916B68B91F1F3CF6001D1FDF /* libopencv_saliency.3.2.0.dylib in Frameworks */ = {isa = PBXBuildFile; fileRef = 91D1D09F1EAFEDDB001A293E /* libopencv_saliency.3.2.0.dylib */; };
		916B68BA1F1F3CF6001D1FDF /* libopencv_shape.3.2.0.dylib in Frameworks */ = {isa = PBXBuildFile; fileRef = 91D1D0A01EAFEDDB001A293E /* libopencv_shape.3.2.0.dylib */; };
		916B68BB1F1F3CF6001D1FDF /* libopencv_stereo.3.2.0.dylib in Frameworks */ = {isa = PBXBuildFile; fileRef = 91D1D0A11EAFEDDB001A293E /* libopencv_stereo.3.2.0.dylib */; };
		916B68BC1F1F3CF6001D1FDF /* libopencv_stitching.3.2.0.dylib in Frameworks */ = {isa = PBXBuildFile; fileRef = 91D1D0A21EAFEDDB001A293E /* libopencv_stitching.3.2.0.dylib */; };
		916B68BD1F1F3CF6001D1FDF /* libopencv_structured_light.3.2.0.dylib in Frameworks */ = {isa = PBXBuildFile; fileRef = 91D1D0A31EAFEDDB001A293E /* libopencv_structured_light.3.2.0.dylib */; };
		916B68BE1F1F3CF6001D1FDF /* libopencv_superres.3.2.0.dylib in Frameworks */ = {isa = PBXBuildFile; fileRef = 91D1D0A41EAFEDDB001A293E /* libopencv_superres.3.2.0.dylib */; };
		916B68BF1F1F3CF6001D1FDF /* libopencv_surface_matching.3.2.0.dylib in Frameworks */ = {isa = PBXBuildFile; fileRef = 91D1D0A51EAFEDDB001A293E /* libopencv_surface_matching.3.2.0.dylib */; };
		916B68C01F1F3CF6001D1FDF /* libopencv_text.3.2.0.dylib in Frameworks */ = {isa = PBXBuildFile; fileRef = 91D1D0A61EAFEDDB001A293E /* libopencv_text.3.2.0.dylib */; };
		916B68C11F1F3CF6001D1FDF /* libopencv_tracking.3.2.0.dylib in Frameworks */ = {isa = PBXBuildFile; fileRef = 91D1D0A71EAFEDDB001A293E /* libopencv_tracking.3.2.0.dylib */; };
		916B68C21F1F3CF6001D1FDF /* libopencv_video.3.2.0.dylib in Frameworks */ = {isa = PBXBuildFile; fileRef = 91D1D0A81EAFEDDB001A293E /* libopencv_video.3.2.0.dylib */; };
		916B68C31F1F3CF6001D1FDF /* libopencv_videoio.3.2.0.dylib in Frameworks */ = {isa = PBXBuildFile; fileRef = 91D1D0A91EAFEDDB001A293E /* libopencv_videoio.3.2.0.dylib */; };
		916B68C41F1F3CF6001D1FDF /* libopencv_videostab.3.2.0.dylib in Frameworks */ = {isa = PBXBuildFile; fileRef = 91D1D0AA1EAFEDDB001A293E /* libopencv_videostab.3.2.0.dylib */; };
		916B68C51F1F3CF6001D1FDF /* libopencv_xfeatures2d.3.2.0.dylib in Frameworks */ = {isa = PBXBuildFile; fileRef = 91D1D0AB1EAFEDDB001A293E /* libopencv_xfeatures2d.3.2.0.dylib */; };
		916B68C61F1F3CF6001D1FDF /* libopencv_ximgproc.3.2.0.dylib in Frameworks */ = {isa = PBXBuildFile; fileRef = 91D1D0AC1EAFEDDB001A293E /* libopencv_ximgproc.3.2.0.dylib */; };
		916B68C71F1F3CF6001D1FDF /* libopencv_xobjdetect.3.2.0.dylib in Frameworks */ = {isa = PBXBuildFile; fileRef = 91D1D0AD1EAFEDDB001A293E /* libopencv_xobjdetect.3.2.0.dylib */; };
		916B68C81F1F3CF6001D1FDF /* libopencv_xphoto.3.2.0.dylib in Frameworks */ = {isa = PBXBuildFile; fileRef = 91D1D0AE1EAFEDDB001A293E /* libopencv_xphoto.3.2.0.dylib */; };
		91D1D07F1EAFED78001A293E /* main.cpp in Sources */ = {isa = PBXBuildFile; fileRef = 91D1D07E1EAFED78001A293E /* main.cpp */; };
		91D1D0AF1EAFEDDB001A293E /* libopencv_aruco.3.2.0.dylib in Frameworks */ = {isa = PBXBuildFile; fileRef = 91D1D0861EAFEDDB001A293E /* libopencv_aruco.3.2.0.dylib */; };
		91D1D0B01EAFEDDB001A293E /* libopencv_bgsegm.3.2.0.dylib in Frameworks */ = {isa = PBXBuildFile; fileRef = 91D1D0871EAFEDDB001A293E /* libopencv_bgsegm.3.2.0.dylib */; };
		91D1D0B11EAFEDDB001A293E /* libopencv_bioinspired.3.2.0.dylib in Frameworks */ = {isa = PBXBuildFile; fileRef = 91D1D0881EAFEDDB001A293E /* libopencv_bioinspired.3.2.0.dylib */; };
		91D1D0B21EAFEDDB001A293E /* libopencv_calib3d.3.2.0.dylib in Frameworks */ = {isa = PBXBuildFile; fileRef = 91D1D0891EAFEDDB001A293E /* libopencv_calib3d.3.2.0.dylib */; };
		91D1D0B31EAFEDDB001A293E /* libopencv_ccalib.3.2.0.dylib in Frameworks */ = {isa = PBXBuildFile; fileRef = 91D1D08A1EAFEDDB001A293E /* libopencv_ccalib.3.2.0.dylib */; };
		91D1D0B41EAFEDDB001A293E /* libopencv_core.3.2.0.dylib in Frameworks */ = {isa = PBXBuildFile; fileRef = 91D1D08B1EAFEDDB001A293E /* libopencv_core.3.2.0.dylib */; };
		91D1D0B51EAFEDDB001A293E /* libopencv_datasets.3.2.0.dylib in Frameworks */ = {isa = PBXBuildFile; fileRef = 91D1D08C1EAFEDDB001A293E /* libopencv_datasets.3.2.0.dylib */; };
		91D1D0B61EAFEDDB001A293E /* libopencv_dnn.3.2.0.dylib in Frameworks */ = {isa = PBXBuildFile; fileRef = 91D1D08D1EAFEDDB001A293E /* libopencv_dnn.3.2.0.dylib */; };
		91D1D0B71EAFEDDB001A293E /* libopencv_dpm.3.2.0.dylib in Frameworks */ = {isa = PBXBuildFile; fileRef = 91D1D08E1EAFEDDB001A293E /* libopencv_dpm.3.2.0.dylib */; };
		91D1D0B81EAFEDDB001A293E /* libopencv_face.3.2.0.dylib in Frameworks */ = {isa = PBXBuildFile; fileRef = 91D1D08F1EAFEDDB001A293E /* libopencv_face.3.2.0.dylib */; };
		91D1D0B91EAFEDDB001A293E /* libopencv_features2d.3.2.0.dylib in Frameworks */ = {isa = PBXBuildFile; fileRef = 91D1D0901EAFEDDB001A293E /* libopencv_features2d.3.2.0.dylib */; };
		91D1D0BA1EAFEDDB001A293E /* libopencv_flann.3.2.0.dylib in Frameworks */ = {isa = PBXBuildFile; fileRef = 91D1D0911EAFEDDB001A293E /* libopencv_flann.3.2.0.dylib */; };
		91D1D0BB1EAFEDDB001A293E /* libopencv_fuzzy.3.2.0.dylib in Frameworks */ = {isa = PBXBuildFile; fileRef = 91D1D0921EAFEDDB001A293E /* libopencv_fuzzy.3.2.0.dylib */; };
		91D1D0BC1EAFEDDB001A293E /* libopencv_highgui.3.2.0.dylib in Frameworks */ = {isa = PBXBuildFile; fileRef = 91D1D0931EAFEDDB001A293E /* libopencv_highgui.3.2.0.dylib */; };
		91D1D0BD1EAFEDDB001A293E /* libopencv_imgcodecs.3.2.0.dylib in Frameworks */ = {isa = PBXBuildFile; fileRef = 91D1D0941EAFEDDB001A293E /* libopencv_imgcodecs.3.2.0.dylib */; };
		91D1D0BE1EAFEDDB001A293E /* libopencv_imgproc.3.2.0.dylib in Frameworks */ = {isa = PBXBuildFile; fileRef = 91D1D0951EAFEDDB001A293E /* libopencv_imgproc.3.2.0.dylib */; };
		91D1D0BF1EAFEDDB001A293E /* libopencv_line_descriptor.3.2.0.dylib in Frameworks */ = {isa = PBXBuildFile; fileRef = 91D1D0961EAFEDDB001A293E /* libopencv_line_descriptor.3.2.0.dylib */; };
		91D1D0C01EAFEDDB001A293E /* libopencv_ml.3.2.0.dylib in Frameworks */ = {isa = PBXBuildFile; fileRef = 91D1D0971EAFEDDB001A293E /* libopencv_ml.3.2.0.dylib */; };
		91D1D0C11EAFEDDB001A293E /* libopencv_objdetect.3.2.0.dylib in Frameworks */ = {isa = PBXBuildFile; fileRef = 91D1D0981EAFEDDB001A293E /* libopencv_objdetect.3.2.0.dylib */; };
		91D1D0C21EAFEDDB001A293E /* libopencv_optflow.3.2.0.dylib in Frameworks */ = {isa = PBXBuildFile; fileRef = 91D1D0991EAFEDDB001A293E /* libopencv_optflow.3.2.0.dylib */; };
		91D1D0C31EAFEDDB001A293E /* libopencv_phase_unwrapping.3.2.0.dylib in Frameworks */ = {isa = PBXBuildFile; fileRef = 91D1D09A1EAFEDDB001A293E /* libopencv_phase_unwrapping.3.2.0.dylib */; };
		91D1D0C41EAFEDDB001A293E /* libopencv_photo.3.2.0.dylib in Frameworks */ = {isa = PBXBuildFile; fileRef = 91D1D09B1EAFEDDB001A293E /* libopencv_photo.3.2.0.dylib */; };
		91D1D0C51EAFEDDB001A293E /* libopencv_plot.3.2.0.dylib in Frameworks */ = {isa = PBXBuildFile; fileRef = 91D1D09C1EAFEDDB001A293E /* libopencv_plot.3.2.0.dylib */; };
		91D1D0C61EAFEDDB001A293E /* libopencv_reg.3.2.0.dylib in Frameworks */ = {isa = PBXBuildFile; fileRef = 91D1D09D1EAFEDDB001A293E /* libopencv_reg.3.2.0.dylib */; };
		91D1D0C71EAFEDDB001A293E /* libopencv_rgbd.3.2.0.dylib in Frameworks */ = {isa = PBXBuildFile; fileRef = 91D1D09E1EAFEDDB001A293E /* libopencv_rgbd.3.2.0.dylib */; };
		91D1D0C81EAFEDDB001A293E /* libopencv_saliency.3.2.0.dylib in Frameworks */ = {isa = PBXBuildFile; fileRef = 91D1D09F1EAFEDDB001A293E /* libopencv_saliency.3.2.0.dylib */; };
		91D1D0C91EAFEDDB001A293E /* libopencv_shape.3.2.0.dylib in Frameworks */ = {isa = PBXBuildFile; fileRef = 91D1D0A01EAFEDDB001A293E /* libopencv_shape.3.2.0.dylib */; };
		91D1D0CA1EAFEDDB001A293E /* libopencv_stereo.3.2.0.dylib in Frameworks */ = {isa = PBXBuildFile; fileRef = 91D1D0A11EAFEDDB001A293E /* libopencv_stereo.3.2.0.dylib */; };
		91D1D0CB1EAFEDDB001A293E /* libopencv_stitching.3.2.0.dylib in Frameworks */ = {isa = PBXBuildFile; fileRef = 91D1D0A21EAFEDDB001A293E /* libopencv_stitching.3.2.0.dylib */; };
		91D1D0CC1EAFEDDB001A293E /* libopencv_structured_light.3.2.0.dylib in Frameworks */ = {isa = PBXBuildFile; fileRef = 91D1D0A31EAFEDDB001A293E /* libopencv_structured_light.3.2.0.dylib */; };
		91D1D0CD1EAFEDDB001A293E /* libopencv_superres.3.2.0.dylib in Frameworks */ = {isa = PBXBuildFile; fileRef = 91D1D0A41EAFEDDB001A293E /* libopencv_superres.3.2.0.dylib */; };
		91D1D0CE1EAFEDDB001A293E /* libopencv_surface_matching.3.2.0.dylib in Frameworks */ = {isa = PBXBuildFile; fileRef = 91D1D0A51EAFEDDB001A293E /* libopencv_surface_matching.3.2.0.dylib */; };
		91D1D0CF1EAFEDDB001A293E /* libopencv_text.3.2.0.dylib in Frameworks */ = {isa = PBXBuildFile; fileRef = 91D1D0A61EAFEDDB001A293E /* libopencv_text.3.2.0.dylib */; };
		91D1D0D01EAFEDDB001A293E /* libopencv_tracking.3.2.0.dylib in Frameworks */ = {isa = PBXBuildFile; fileRef = 91D1D0A71EAFEDDB001A293E /* libopencv_tracking.3.2.0.dylib */; };
		91D1D0D11EAFEDDB001A293E /* libopencv_video.3.2.0.dylib in Frameworks */ = {isa = PBXBuildFile; fileRef = 91D1D0A81EAFEDDB001A293E /* libopencv_video.3.2.0.dylib */; };
		91D1D0D21EAFEDDB001A293E /* libopencv_videoio.3.2.0.dylib in Frameworks */ = {isa = PBXBuildFile; fileRef = 91D1D0A91EAFEDDB001A293E /* libopencv_videoio.3.2.0.dylib */; };
		91D1D0D31EAFEDDB001A293E /* libopencv_videostab.3.2.0.dylib in Frameworks */ = {isa = PBXBuildFile; fileRef = 91D1D0AA1EAFEDDB001A293E /* libopencv_videostab.3.2.0.dylib */; };
		91D1D0D41EAFEDDB001A293E /* libopencv_xfeatures2d.3.2.0.dylib in Frameworks */ = {isa = PBXBuildFile; fileRef = 91D1D0AB1EAFEDDB001A293E /* libopencv_xfeatures2d.3.2.0.dylib */; };
		91D1D0D51EAFEDDB001A293E /* libopencv_ximgproc.3.2.0.dylib in Frameworks */ = {isa = PBXBuildFile; fileRef = 91D1D0AC1EAFEDDB001A293E /* libopencv_ximgproc.3.2.0.dylib */; };
		91D1D0D61EAFEDDB001A293E /* libopencv_xobjdetect.3.2.0.dylib in Frameworks */ = {isa = PBXBuildFile; fileRef = 91D1D0AD1EAFEDDB001A293E /* libopencv_xobjdetect.3.2.0.dylib */; };
		91D1D0D71EAFEDDB001A293E /* libopencv_xphoto.3.2.0.dylib in Frameworks */ = {isa = PBXBuildFile; fileRef = 91D1D0AE1EAFEDDB001A293E /* libopencv_xphoto.3.2.0.dylib */; };
/* End PBXBuildFile section */

/* Begin PBXCopyFilesBuildPhase section */
		91D1D0791EAFED78001A293E /* CopyFiles */ = {
			isa = PBXCopyFilesBuildPhase;
			buildActionMask = 2147483647;
			dstPath = /usr/share/man/man1/;
			dstSubfolderSpec = 0;
			files = (
			);
			runOnlyForDeploymentPostprocessing = 1;
		};
/* End PBXCopyFilesBuildPhase section */

/* Begin PBXFileReference section */
		916B68981F1F3C74001D1FDF /* OpenCVBookTests.xctest */ = {isa = PBXFileReference; explicitFileType = wrapper.cfbundle; includeInIndex = 0; path = OpenCVBookTests.xctest; sourceTree = BUILT_PRODUCTS_DIR; };
		916B689A1F1F3C74001D1FDF /* openCVBookTests.mm */ = {isa = PBXFileReference; lastKnownFileType = sourcecode.cpp.objcpp; path = openCVBookTests.mm; sourceTree = "<group>"; };
		916B689C1F1F3C74001D1FDF /* Info.plist */ = {isa = PBXFileReference; lastKnownFileType = text.plist.xml; path = Info.plist; sourceTree = "<group>"; };
		91D1D07B1EAFED78001A293E /* videoPlayer */ = {isa = PBXFileReference; explicitFileType = "compiled.mach-o.executable"; includeInIndex = 0; path = videoPlayer; sourceTree = BUILT_PRODUCTS_DIR; };
		91D1D07E1EAFED78001A293E /* main.cpp */ = {isa = PBXFileReference; lastKnownFileType = sourcecode.cpp.cpp; path = main.cpp; sourceTree = "<group>"; };
		91D1D0861EAFEDDB001A293E /* libopencv_aruco.3.2.0.dylib */ = {isa = PBXFileReference; lastKnownFileType = "compiled.mach-o.dylib"; name = libopencv_aruco.3.2.0.dylib; path = ../../../../../usr/local/Cellar/opencv3/3.2.0/lib/libopencv_aruco.3.2.0.dylib; sourceTree = "<group>"; };
		91D1D0871EAFEDDB001A293E /* libopencv_bgsegm.3.2.0.dylib */ = {isa = PBXFileReference; lastKnownFileType = "compiled.mach-o.dylib"; name = libopencv_bgsegm.3.2.0.dylib; path = ../../../../../usr/local/Cellar/opencv3/3.2.0/lib/libopencv_bgsegm.3.2.0.dylib; sourceTree = "<group>"; };
		91D1D0881EAFEDDB001A293E /* libopencv_bioinspired.3.2.0.dylib */ = {isa = PBXFileReference; lastKnownFileType = "compiled.mach-o.dylib"; name = libopencv_bioinspired.3.2.0.dylib; path = ../../../../../usr/local/Cellar/opencv3/3.2.0/lib/libopencv_bioinspired.3.2.0.dylib; sourceTree = "<group>"; };
		91D1D0891EAFEDDB001A293E /* libopencv_calib3d.3.2.0.dylib */ = {isa = PBXFileReference; lastKnownFileType = "compiled.mach-o.dylib"; name = libopencv_calib3d.3.2.0.dylib; path = ../../../../../usr/local/Cellar/opencv3/3.2.0/lib/libopencv_calib3d.3.2.0.dylib; sourceTree = "<group>"; };
		91D1D08A1EAFEDDB001A293E /* libopencv_ccalib.3.2.0.dylib */ = {isa = PBXFileReference; lastKnownFileType = "compiled.mach-o.dylib"; name = libopencv_ccalib.3.2.0.dylib; path = ../../../../../usr/local/Cellar/opencv3/3.2.0/lib/libopencv_ccalib.3.2.0.dylib; sourceTree = "<group>"; };
		91D1D08B1EAFEDDB001A293E /* libopencv_core.3.2.0.dylib */ = {isa = PBXFileReference; lastKnownFileType = "compiled.mach-o.dylib"; name = libopencv_core.3.2.0.dylib; path = ../../../../../usr/local/Cellar/opencv3/3.2.0/lib/libopencv_core.3.2.0.dylib; sourceTree = "<group>"; };
		91D1D08C1EAFEDDB001A293E /* libopencv_datasets.3.2.0.dylib */ = {isa = PBXFileReference; lastKnownFileType = "compiled.mach-o.dylib"; name = libopencv_datasets.3.2.0.dylib; path = ../../../../../usr/local/Cellar/opencv3/3.2.0/lib/libopencv_datasets.3.2.0.dylib; sourceTree = "<group>"; };
		91D1D08D1EAFEDDB001A293E /* libopencv_dnn.3.2.0.dylib */ = {isa = PBXFileReference; lastKnownFileType = "compiled.mach-o.dylib"; name = libopencv_dnn.3.2.0.dylib; path = ../../../../../usr/local/Cellar/opencv3/3.2.0/lib/libopencv_dnn.3.2.0.dylib; sourceTree = "<group>"; };
		91D1D08E1EAFEDDB001A293E /* libopencv_dpm.3.2.0.dylib */ = {isa = PBXFileReference; lastKnownFileType = "compiled.mach-o.dylib"; name = libopencv_dpm.3.2.0.dylib; path = ../../../../../usr/local/Cellar/opencv3/3.2.0/lib/libopencv_dpm.3.2.0.dylib; sourceTree = "<group>"; };
		91D1D08F1EAFEDDB001A293E /* libopencv_face.3.2.0.dylib */ = {isa = PBXFileReference; lastKnownFileType = "compiled.mach-o.dylib"; name = libopencv_face.3.2.0.dylib; path = ../../../../../usr/local/Cellar/opencv3/3.2.0/lib/libopencv_face.3.2.0.dylib; sourceTree = "<group>"; };
		91D1D0901EAFEDDB001A293E /* libopencv_features2d.3.2.0.dylib */ = {isa = PBXFileReference; lastKnownFileType = "compiled.mach-o.dylib"; name = libopencv_features2d.3.2.0.dylib; path = ../../../../../usr/local/Cellar/opencv3/3.2.0/lib/libopencv_features2d.3.2.0.dylib; sourceTree = "<group>"; };
		91D1D0911EAFEDDB001A293E /* libopencv_flann.3.2.0.dylib */ = {isa = PBXFileReference; lastKnownFileType = "compiled.mach-o.dylib"; name = libopencv_flann.3.2.0.dylib; path = ../../../../../usr/local/Cellar/opencv3/3.2.0/lib/libopencv_flann.3.2.0.dylib; sourceTree = "<group>"; };
		91D1D0921EAFEDDB001A293E /* libopencv_fuzzy.3.2.0.dylib */ = {isa = PBXFileReference; lastKnownFileType = "compiled.mach-o.dylib"; name = libopencv_fuzzy.3.2.0.dylib; path = ../../../../../usr/local/Cellar/opencv3/3.2.0/lib/libopencv_fuzzy.3.2.0.dylib; sourceTree = "<group>"; };
		91D1D0931EAFEDDB001A293E /* libopencv_highgui.3.2.0.dylib */ = {isa = PBXFileReference; lastKnownFileType = "compiled.mach-o.dylib"; name = libopencv_highgui.3.2.0.dylib; path = ../../../../../usr/local/Cellar/opencv3/3.2.0/lib/libopencv_highgui.3.2.0.dylib; sourceTree = "<group>"; };
		91D1D0941EAFEDDB001A293E /* libopencv_imgcodecs.3.2.0.dylib */ = {isa = PBXFileReference; lastKnownFileType = "compiled.mach-o.dylib"; name = libopencv_imgcodecs.3.2.0.dylib; path = ../../../../../usr/local/Cellar/opencv3/3.2.0/lib/libopencv_imgcodecs.3.2.0.dylib; sourceTree = "<group>"; };
		91D1D0951EAFEDDB001A293E /* libopencv_imgproc.3.2.0.dylib */ = {isa = PBXFileReference; lastKnownFileType = "compiled.mach-o.dylib"; name = libopencv_imgproc.3.2.0.dylib; path = ../../../../../usr/local/Cellar/opencv3/3.2.0/lib/libopencv_imgproc.3.2.0.dylib; sourceTree = "<group>"; };
		91D1D0961EAFEDDB001A293E /* libopencv_line_descriptor.3.2.0.dylib */ = {isa = PBXFileReference; lastKnownFileType = "compiled.mach-o.dylib"; name = libopencv_line_descriptor.3.2.0.dylib; path = ../../../../../usr/local/Cellar/opencv3/3.2.0/lib/libopencv_line_descriptor.3.2.0.dylib; sourceTree = "<group>"; };
		91D1D0971EAFEDDB001A293E /* libopencv_ml.3.2.0.dylib */ = {isa = PBXFileReference; lastKnownFileType = "compiled.mach-o.dylib"; name = libopencv_ml.3.2.0.dylib; path = ../../../../../usr/local/Cellar/opencv3/3.2.0/lib/libopencv_ml.3.2.0.dylib; sourceTree = "<group>"; };
		91D1D0981EAFEDDB001A293E /* libopencv_objdetect.3.2.0.dylib */ = {isa = PBXFileReference; lastKnownFileType = "compiled.mach-o.dylib"; name = libopencv_objdetect.3.2.0.dylib; path = ../../../../../usr/local/Cellar/opencv3/3.2.0/lib/libopencv_objdetect.3.2.0.dylib; sourceTree = "<group>"; };
		91D1D0991EAFEDDB001A293E /* libopencv_optflow.3.2.0.dylib */ = {isa = PBXFileReference; lastKnownFileType = "compiled.mach-o.dylib"; name = libopencv_optflow.3.2.0.dylib; path = ../../../../../usr/local/Cellar/opencv3/3.2.0/lib/libopencv_optflow.3.2.0.dylib; sourceTree = "<group>"; };
		91D1D09A1EAFEDDB001A293E /* libopencv_phase_unwrapping.3.2.0.dylib */ = {isa = PBXFileReference; lastKnownFileType = "compiled.mach-o.dylib"; name = libopencv_phase_unwrapping.3.2.0.dylib; path = ../../../../../usr/local/Cellar/opencv3/3.2.0/lib/libopencv_phase_unwrapping.3.2.0.dylib; sourceTree = "<group>"; };
		91D1D09B1EAFEDDB001A293E /* libopencv_photo.3.2.0.dylib */ = {isa = PBXFileReference; lastKnownFileType = "compiled.mach-o.dylib"; name = libopencv_photo.3.2.0.dylib; path = ../../../../../usr/local/Cellar/opencv3/3.2.0/lib/libopencv_photo.3.2.0.dylib; sourceTree = "<group>"; };
		91D1D09C1EAFEDDB001A293E /* libopencv_plot.3.2.0.dylib */ = {isa = PBXFileReference; lastKnownFileType = "compiled.mach-o.dylib"; name = libopencv_plot.3.2.0.dylib; path = ../../../../../usr/local/Cellar/opencv3/3.2.0/lib/libopencv_plot.3.2.0.dylib; sourceTree = "<group>"; };
		91D1D09D1EAFEDDB001A293E /* libopencv_reg.3.2.0.dylib */ = {isa = PBXFileReference; lastKnownFileType = "compiled.mach-o.dylib"; name = libopencv_reg.3.2.0.dylib; path = ../../../../../usr/local/Cellar/opencv3/3.2.0/lib/libopencv_reg.3.2.0.dylib; sourceTree = "<group>"; };
		91D1D09E1EAFEDDB001A293E /* libopencv_rgbd.3.2.0.dylib */ = {isa = PBXFileReference; lastKnownFileType = "compiled.mach-o.dylib"; name = libopencv_rgbd.3.2.0.dylib; path = ../../../../../usr/local/Cellar/opencv3/3.2.0/lib/libopencv_rgbd.3.2.0.dylib; sourceTree = "<group>"; };
		91D1D09F1EAFEDDB001A293E /* libopencv_saliency.3.2.0.dylib */ = {isa = PBXFileReference; lastKnownFileType = "compiled.mach-o.dylib"; name = libopencv_saliency.3.2.0.dylib; path = ../../../../../usr/local/Cellar/opencv3/3.2.0/lib/libopencv_saliency.3.2.0.dylib; sourceTree = "<group>"; };
		91D1D0A01EAFEDDB001A293E /* libopencv_shape.3.2.0.dylib */ = {isa = PBXFileReference; lastKnownFileType = "compiled.mach-o.dylib"; name = libopencv_shape.3.2.0.dylib; path = ../../../../../usr/local/Cellar/opencv3/3.2.0/lib/libopencv_shape.3.2.0.dylib; sourceTree = "<group>"; };
		91D1D0A11EAFEDDB001A293E /* libopencv_stereo.3.2.0.dylib */ = {isa = PBXFileReference; lastKnownFileType = "compiled.mach-o.dylib"; name = libopencv_stereo.3.2.0.dylib; path = ../../../../../usr/local/Cellar/opencv3/3.2.0/lib/libopencv_stereo.3.2.0.dylib; sourceTree = "<group>"; };
		91D1D0A21EAFEDDB001A293E /* libopencv_stitching.3.2.0.dylib */ = {isa = PBXFileReference; lastKnownFileType = "compiled.mach-o.dylib"; name = libopencv_stitching.3.2.0.dylib; path = ../../../../../usr/local/Cellar/opencv3/3.2.0/lib/libopencv_stitching.3.2.0.dylib; sourceTree = "<group>"; };
		91D1D0A31EAFEDDB001A293E /* libopencv_structured_light.3.2.0.dylib */ = {isa = PBXFileReference; lastKnownFileType = "compiled.mach-o.dylib"; name = libopencv_structured_light.3.2.0.dylib; path = ../../../../../usr/local/Cellar/opencv3/3.2.0/lib/libopencv_structured_light.3.2.0.dylib; sourceTree = "<group>"; };
		91D1D0A41EAFEDDB001A293E /* libopencv_superres.3.2.0.dylib */ = {isa = PBXFileReference; lastKnownFileType = "compiled.mach-o.dylib"; name = libopencv_superres.3.2.0.dylib; path = ../../../../../usr/local/Cellar/opencv3/3.2.0/lib/libopencv_superres.3.2.0.dylib; sourceTree = "<group>"; };
		91D1D0A51EAFEDDB001A293E /* libopencv_surface_matching.3.2.0.dylib */ = {isa = PBXFileReference; lastKnownFileType = "compiled.mach-o.dylib"; name = libopencv_surface_matching.3.2.0.dylib; path = ../../../../../usr/local/Cellar/opencv3/3.2.0/lib/libopencv_surface_matching.3.2.0.dylib; sourceTree = "<group>"; };
		91D1D0A61EAFEDDB001A293E /* libopencv_text.3.2.0.dylib */ = {isa = PBXFileReference; lastKnownFileType = "compiled.mach-o.dylib"; name = libopencv_text.3.2.0.dylib; path = ../../../../../usr/local/Cellar/opencv3/3.2.0/lib/libopencv_text.3.2.0.dylib; sourceTree = "<group>"; };
		91D1D0A71EAFEDDB001A293E /* libopencv_tracking.3.2.0.dylib */ = {isa = PBXFileReference; lastKnownFileType = "compiled.mach-o.dylib"; name = libopencv_tracking.3.2.0.dylib; path = ../../../../../usr/local/Cellar/opencv3/3.2.0/lib/libopencv_tracking.3.2.0.dylib; sourceTree = "<group>"; };
		91D1D0A81EAFEDDB001A293E /* libopencv_video.3.2.0.dylib */ = {isa = PBXFileReference; lastKnownFileType = "compiled.mach-o.dylib"; name = libopencv_video.3.2.0.dylib; path = ../../../../../usr/local/Cellar/opencv3/3.2.0/lib/libopencv_video.3.2.0.dylib; sourceTree = "<group>"; };
		91D1D0A91EAFEDDB001A293E /* libopencv_videoio.3.2.0.dylib */ = {isa = PBXFileReference; lastKnownFileType = "compiled.mach-o.dylib"; name = libopencv_videoio.3.2.0.dylib; path = ../../../../../usr/local/Cellar/opencv3/3.2.0/lib/libopencv_videoio.3.2.0.dylib; sourceTree = "<group>"; };
		91D1D0AA1EAFEDDB001A293E /* libopencv_videostab.3.2.0.dylib */ = {isa = PBXFileReference; lastKnownFileType = "compiled.mach-o.dylib"; name = libopencv_videostab.3.2.0.dylib; path = ../../../../../usr/local/Cellar/opencv3/3.2.0/lib/libopencv_videostab.3.2.0.dylib; sourceTree = "<group>"; };
		91D1D0AB1EAFEDDB001A293E /* libopencv_xfeatures2d.3.2.0.dylib */ = {isa = PBXFileReference; lastKnownFileType = "compiled.mach-o.dylib"; name = libopencv_xfeatures2d.3.2.0.dylib; path = ../../../../../usr/local/Cellar/opencv3/3.2.0/lib/libopencv_xfeatures2d.3.2.0.dylib; sourceTree = "<group>"; };
		91D1D0AC1EAFEDDB001A293E /* libopencv_ximgproc.3.2.0.dylib */ = {isa = PBXFileReference; lastKnownFileType = "compiled.mach-o.dylib"; name = libopencv_ximgproc.3.2.0.dylib; path = ../../../../../usr/local/Cellar/opencv3/3.2.0/lib/libopencv_ximgproc.3.2.0.dylib; sourceTree = "<group>"; };
		91D1D0AD1EAFEDDB001A293E /* libopencv_xobjdetect.3.2.0.dylib */ = {isa = PBXFileReference; lastKnownFileType = "compiled.mach-o.dylib"; name = libopencv_xobjdetect.3.2.0.dylib; path = ../../../../../usr/local/Cellar/opencv3/3.2.0/lib/libopencv_xobjdetect.3.2.0.dylib; sourceTree = "<group>"; };
		91D1D0AE1EAFEDDB001A293E /* libopencv_xphoto.3.2.0.dylib */ = {isa = PBXFileReference; lastKnownFileType = "compiled.mach-o.dylib"; name = libopencv_xphoto.3.2.0.dylib; path = ../../../../../usr/local/Cellar/opencv3/3.2.0/lib/libopencv_xphoto.3.2.0.dylib; sourceTree = "<group>"; };
/* End PBXFileReference section */

/* Begin PBXFrameworksBuildPhase section */
		916B68951F1F3C74001D1FDF /* Frameworks */ = {
			isa = PBXFrameworksBuildPhase;
			buildActionMask = 2147483647;
			files = (
				916B68A01F1F3CF6001D1FDF /* libopencv_aruco.3.2.0.dylib in Frameworks */,
				916B68A11F1F3CF6001D1FDF /* libopencv_bgsegm.3.2.0.dylib in Frameworks */,
				916B68A21F1F3CF6001D1FDF /* libopencv_bioinspired.3.2.0.dylib in Frameworks */,
				916B68A31F1F3CF6001D1FDF /* libopencv_calib3d.3.2.0.dylib in Frameworks */,
				916B68A41F1F3CF6001D1FDF /* libopencv_ccalib.3.2.0.dylib in Frameworks */,
				916B68A51F1F3CF6001D1FDF /* libopencv_core.3.2.0.dylib in Frameworks */,
				916B68A61F1F3CF6001D1FDF /* libopencv_datasets.3.2.0.dylib in Frameworks */,
				916B68A71F1F3CF6001D1FDF /* libopencv_dnn.3.2.0.dylib in Frameworks */,
				916B68A81F1F3CF6001D1FDF /* libopencv_dpm.3.2.0.dylib in Frameworks */,
				916B68A91F1F3CF6001D1FDF /* libopencv_face.3.2.0.dylib in Frameworks */,
				916B68AA1F1F3CF6001D1FDF /* libopencv_features2d.3.2.0.dylib in Frameworks */,
				916B68AB1F1F3CF6001D1FDF /* libopencv_flann.3.2.0.dylib in Frameworks */,
				916B68AC1F1F3CF6001D1FDF /* libopencv_fuzzy.3.2.0.dylib in Frameworks */,
				916B68AD1F1F3CF6001D1FDF /* libopencv_highgui.3.2.0.dylib in Frameworks */,
				916B68AE1F1F3CF6001D1FDF /* libopencv_imgcodecs.3.2.0.dylib in Frameworks */,
				916B68AF1F1F3CF6001D1FDF /* libopencv_imgproc.3.2.0.dylib in Frameworks */,
				916B68B01F1F3CF6001D1FDF /* libopencv_line_descriptor.3.2.0.dylib in Frameworks */,
				916B68B11F1F3CF6001D1FDF /* libopencv_ml.3.2.0.dylib in Frameworks */,
				916B68B21F1F3CF6001D1FDF /* libopencv_objdetect.3.2.0.dylib in Frameworks */,
				916B68B31F1F3CF6001D1FDF /* libopencv_optflow.3.2.0.dylib in Frameworks */,
				916B68B41F1F3CF6001D1FDF /* libopencv_phase_unwrapping.3.2.0.dylib in Frameworks */,
				916B68B51F1F3CF6001D1FDF /* libopencv_photo.3.2.0.dylib in Frameworks */,
				916B68B61F1F3CF6001D1FDF /* libopencv_plot.3.2.0.dylib in Frameworks */,
				916B68B71F1F3CF6001D1FDF /* libopencv_reg.3.2.0.dylib in Frameworks */,
				916B68B81F1F3CF6001D1FDF /* libopencv_rgbd.3.2.0.dylib in Frameworks */,
				916B68B91F1F3CF6001D1FDF /* libopencv_saliency.3.2.0.dylib in Frameworks */,
				916B68BA1F1F3CF6001D1FDF /* libopencv_shape.3.2.0.dylib in Frameworks */,
				916B68BB1F1F3CF6001D1FDF /* libopencv_stereo.3.2.0.dylib in Frameworks */,
				916B68BC1F1F3CF6001D1FDF /* libopencv_stitching.3.2.0.dylib in Frameworks */,
				916B68BD1F1F3CF6001D1FDF /* libopencv_structured_light.3.2.0.dylib in Frameworks */,
				916B68BE1F1F3CF6001D1FDF /* libopencv_superres.3.2.0.dylib in Frameworks */,
				916B68BF1F1F3CF6001D1FDF /* libopencv_surface_matching.3.2.0.dylib in Frameworks */,
				916B68C01F1F3CF6001D1FDF /* libopencv_text.3.2.0.dylib in Frameworks */,
				916B68C11F1F3CF6001D1FDF /* libopencv_tracking.3.2.0.dylib in Frameworks */,
				916B68C21F1F3CF6001D1FDF /* libopencv_video.3.2.0.dylib in Frameworks */,
				916B68C31F1F3CF6001D1FDF /* libopencv_videoio.3.2.0.dylib in Frameworks */,
				916B68C41F1F3CF6001D1FDF /* libopencv_videostab.3.2.0.dylib in Frameworks */,
				916B68C51F1F3CF6001D1FDF /* libopencv_xfeatures2d.3.2.0.dylib in Frameworks */,
				916B68C61F1F3CF6001D1FDF /* libopencv_ximgproc.3.2.0.dylib in Frameworks */,
				916B68C71F1F3CF6001D1FDF /* libopencv_xobjdetect.3.2.0.dylib in Frameworks */,
				916B68C81F1F3CF6001D1FDF /* libopencv_xphoto.3.2.0.dylib in Frameworks */,
			);
			runOnlyForDeploymentPostprocessing = 0;
		};
		91D1D0781EAFED78001A293E /* Frameworks */ = {
			isa = PBXFrameworksBuildPhase;
			buildActionMask = 2147483647;
			files = (
				91D1D0AF1EAFEDDB001A293E /* libopencv_aruco.3.2.0.dylib in Frameworks */,
				91D1D0B01EAFEDDB001A293E /* libopencv_bgsegm.3.2.0.dylib in Frameworks */,
				91D1D0B11EAFEDDB001A293E /* libopencv_bioinspired.3.2.0.dylib in Frameworks */,
				91D1D0B21EAFEDDB001A293E /* libopencv_calib3d.3.2.0.dylib in Frameworks */,
				91D1D0B31EAFEDDB001A293E /* libopencv_ccalib.3.2.0.dylib in Frameworks */,
				91D1D0B41EAFEDDB001A293E /* libopencv_core.3.2.0.dylib in Frameworks */,
				91D1D0B51EAFEDDB001A293E /* libopencv_datasets.3.2.0.dylib in Frameworks */,
				91D1D0B61EAFEDDB001A293E /* libopencv_dnn.3.2.0.dylib in Frameworks */,
				91D1D0B71EAFEDDB001A293E /* libopencv_dpm.3.2.0.dylib in Frameworks */,
				91D1D0B81EAFEDDB001A293E /* libopencv_face.3.2.0.dylib in Frameworks */,
				91D1D0B91EAFEDDB001A293E /* libopencv_features2d.3.2.0.dylib in Frameworks */,
				91D1D0BA1EAFEDDB001A293E /* libopencv_flann.3.2.0.dylib in Frameworks */,
				91D1D0BB1EAFEDDB001A293E /* libopencv_fuzzy.3.2.0.dylib in Frameworks */,
				91D1D0BC1EAFEDDB001A293E /* libopencv_highgui.3.2.0.dylib in Frameworks */,
				91D1D0BD1EAFEDDB001A293E /* libopencv_imgcodecs.3.2.0.dylib in Frameworks */,
				91D1D0BE1EAFEDDB001A293E /* libopencv_imgproc.3.2.0.dylib in Frameworks */,
				91D1D0BF1EAFEDDB001A293E /* libopencv_line_descriptor.3.2.0.dylib in Frameworks */,
				91D1D0C01EAFEDDB001A293E /* libopencv_ml.3.2.0.dylib in Frameworks */,
				91D1D0C11EAFEDDB001A293E /* libopencv_objdetect.3.2.0.dylib in Frameworks */,
				91D1D0C21EAFEDDB001A293E /* libopencv_optflow.3.2.0.dylib in Frameworks */,
				91D1D0C31EAFEDDB001A293E /* libopencv_phase_unwrapping.3.2.0.dylib in Frameworks */,
				91D1D0C41EAFEDDB001A293E /* libopencv_photo.3.2.0.dylib in Frameworks */,
				91D1D0C51EAFEDDB001A293E /* libopencv_plot.3.2.0.dylib in Frameworks */,
				91D1D0C61EAFEDDB001A293E /* libopencv_reg.3.2.0.dylib in Frameworks */,
				91D1D0C71EAFEDDB001A293E /* libopencv_rgbd.3.2.0.dylib in Frameworks */,
				91D1D0C81EAFEDDB001A293E /* libopencv_saliency.3.2.0.dylib in Frameworks */,
				91D1D0C91EAFEDDB001A293E /* libopencv_shape.3.2.0.dylib in Frameworks */,
				91D1D0CA1EAFEDDB001A293E /* libopencv_stereo.3.2.0.dylib in Frameworks */,
				91D1D0CB1EAFEDDB001A293E /* libopencv_stitching.3.2.0.dylib in Frameworks */,
				91D1D0CC1EAFEDDB001A293E /* libopencv_structured_light.3.2.0.dylib in Frameworks */,
				91D1D0CD1EAFEDDB001A293E /* libopencv_superres.3.2.0.dylib in Frameworks */,
				91D1D0CE1EAFEDDB001A293E /* libopencv_surface_matching.3.2.0.dylib in Frameworks */,
				91D1D0CF1EAFEDDB001A293E /* libopencv_text.3.2.0.dylib in Frameworks */,
				91D1D0D01EAFEDDB001A293E /* libopencv_tracking.3.2.0.dylib in Frameworks */,
				91D1D0D11EAFEDDB001A293E /* libopencv_video.3.2.0.dylib in Frameworks */,
				91D1D0D21EAFEDDB001A293E /* libopencv_videoio.3.2.0.dylib in Frameworks */,
				91D1D0D31EAFEDDB001A293E /* libopencv_videostab.3.2.0.dylib in Frameworks */,
				91D1D0D41EAFEDDB001A293E /* libopencv_xfeatures2d.3.2.0.dylib in Frameworks */,
				91D1D0D51EAFEDDB001A293E /* libopencv_ximgproc.3.2.0.dylib in Frameworks */,
				91D1D0D61EAFEDDB001A293E /* libopencv_xobjdetect.3.2.0.dylib in Frameworks */,
				91D1D0D71EAFEDDB001A293E /* libopencv_xphoto.3.2.0.dylib in Frameworks */,
			);
			runOnlyForDeploymentPostprocessing = 0;
		};
/* End PBXFrameworksBuildPhase section */

/* Begin PBXGroup section */
		916B68991F1F3C74001D1FDF /* OpenCVBookTests */ = {
			isa = PBXGroup;
			children = (
				916B689A1F1F3C74001D1FDF /* openCVBookTests.mm */,
				916B689C1F1F3C74001D1FDF /* Info.plist */,
			);
			name = OpenCVBookTests;
			path = videoPlayerTests;
			sourceTree = "<group>";
		};
		91D1D0721EAFED78001A293E = {
			isa = PBXGroup;
			children = (
				91D1D07D1EAFED78001A293E /* videoPlayer */,
				916B68991F1F3C74001D1FDF /* OpenCVBookTests */,
				91D1D07C1EAFED78001A293E /* Products */,
				91D1D0851EAFEDDB001A293E /* Frameworks */,
			);
			sourceTree = "<group>";
		};
		91D1D07C1EAFED78001A293E /* Products */ = {
			isa = PBXGroup;
			children = (
				91D1D07B1EAFED78001A293E /* videoPlayer */,
				916B68981F1F3C74001D1FDF /* OpenCVBookTests.xctest */,
			);
			name = Products;
			sourceTree = "<group>";
		};
		91D1D07D1EAFED78001A293E /* videoPlayer */ = {
			isa = PBXGroup;
			children = (
				91D1D07E1EAFED78001A293E /* main.cpp */,
			);
			path = videoPlayer;
			sourceTree = "<group>";
		};
		91D1D0851EAFEDDB001A293E /* Frameworks */ = {
			isa = PBXGroup;
			children = (
				91D1D0861EAFEDDB001A293E /* libopencv_aruco.3.2.0.dylib */,
				91D1D0871EAFEDDB001A293E /* libopencv_bgsegm.3.2.0.dylib */,
				91D1D0881EAFEDDB001A293E /* libopencv_bioinspired.3.2.0.dylib */,
				91D1D0891EAFEDDB001A293E /* libopencv_calib3d.3.2.0.dylib */,
				91D1D08A1EAFEDDB001A293E /* libopencv_ccalib.3.2.0.dylib */,
				91D1D08B1EAFEDDB001A293E /* libopencv_core.3.2.0.dylib */,
				91D1D08C1EAFEDDB001A293E /* libopencv_datasets.3.2.0.dylib */,
				91D1D08D1EAFEDDB001A293E /* libopencv_dnn.3.2.0.dylib */,
				91D1D08E1EAFEDDB001A293E /* libopencv_dpm.3.2.0.dylib */,
				91D1D08F1EAFEDDB001A293E /* libopencv_face.3.2.0.dylib */,
				91D1D0901EAFEDDB001A293E /* libopencv_features2d.3.2.0.dylib */,
				91D1D0911EAFEDDB001A293E /* libopencv_flann.3.2.0.dylib */,
				91D1D0921EAFEDDB001A293E /* libopencv_fuzzy.3.2.0.dylib */,
				91D1D0931EAFEDDB001A293E /* libopencv_highgui.3.2.0.dylib */,
				91D1D0941EAFEDDB001A293E /* libopencv_imgcodecs.3.2.0.dylib */,
				91D1D0951EAFEDDB001A293E /* libopencv_imgproc.3.2.0.dylib */,
				91D1D0961EAFEDDB001A293E /* libopencv_line_descriptor.3.2.0.dylib */,
				91D1D0971EAFEDDB001A293E /* libopencv_ml.3.2.0.dylib */,
				91D1D0981EAFEDDB001A293E /* libopencv_objdetect.3.2.0.dylib */,
				91D1D0991EAFEDDB001A293E /* libopencv_optflow.3.2.0.dylib */,
				91D1D09A1EAFEDDB001A293E /* libopencv_phase_unwrapping.3.2.0.dylib */,
				91D1D09B1EAFEDDB001A293E /* libopencv_photo.3.2.0.dylib */,
				91D1D09C1EAFEDDB001A293E /* libopencv_plot.3.2.0.dylib */,
				91D1D09D1EAFEDDB001A293E /* libopencv_reg.3.2.0.dylib */,
				91D1D09E1EAFEDDB001A293E /* libopencv_rgbd.3.2.0.dylib */,
				91D1D09F1EAFEDDB001A293E /* libopencv_saliency.3.2.0.dylib */,
				91D1D0A01EAFEDDB001A293E /* libopencv_shape.3.2.0.dylib */,
				91D1D0A11EAFEDDB001A293E /* libopencv_stereo.3.2.0.dylib */,
				91D1D0A21EAFEDDB001A293E /* libopencv_stitching.3.2.0.dylib */,
				91D1D0A31EAFEDDB001A293E /* libopencv_structured_light.3.2.0.dylib */,
				91D1D0A41EAFEDDB001A293E /* libopencv_superres.3.2.0.dylib */,
				91D1D0A51EAFEDDB001A293E /* libopencv_surface_matching.3.2.0.dylib */,
				91D1D0A61EAFEDDB001A293E /* libopencv_text.3.2.0.dylib */,
				91D1D0A71EAFEDDB001A293E /* libopencv_tracking.3.2.0.dylib */,
				91D1D0A81EAFEDDB001A293E /* libopencv_video.3.2.0.dylib */,
				91D1D0A91EAFEDDB001A293E /* libopencv_videoio.3.2.0.dylib */,
				91D1D0AA1EAFEDDB001A293E /* libopencv_videostab.3.2.0.dylib */,
				91D1D0AB1EAFEDDB001A293E /* libopencv_xfeatures2d.3.2.0.dylib */,
				91D1D0AC1EAFEDDB001A293E /* libopencv_ximgproc.3.2.0.dylib */,
				91D1D0AD1EAFEDDB001A293E /* libopencv_xobjdetect.3.2.0.dylib */,
				91D1D0AE1EAFEDDB001A293E /* libopencv_xphoto.3.2.0.dylib */,
			);
			name = Frameworks;
			sourceTree = "<group>";
		};
/* End PBXGroup section */

/* Begin PBXNativeTarget section */
		916B68971F1F3C74001D1FDF /* OpenCVBookTests */ = {
			isa = PBXNativeTarget;
			buildConfigurationList = 916B689F1F1F3C74001D1FDF /* Build configuration list for PBXNativeTarget "OpenCVBookTests" */;
			buildPhases = (
				916B68941F1F3C74001D1FDF /* Sources */,
				916B68951F1F3C74001D1FDF /* Frameworks */,
				916B68961F1F3C74001D1FDF /* Resources */,
			);
			buildRules = (
			);
			dependencies = (
			);
			name = OpenCVBookTests;
			productName = videoPlayerTests;
			productReference = 916B68981F1F3C74001D1FDF /* OpenCVBookTests.xctest */;
			productType = "com.apple.product-type.bundle.unit-test";
		};
		91D1D07A1EAFED78001A293E /* videoPlayer */ = {
			isa = PBXNativeTarget;
			buildConfigurationList = 91D1D0821EAFED78001A293E /* Build configuration list for PBXNativeTarget "videoPlayer" */;
			buildPhases = (
				91D1D0771EAFED78001A293E /* Sources */,
				91D1D0781EAFED78001A293E /* Frameworks */,
				91D1D0791EAFED78001A293E /* CopyFiles */,
			);
			buildRules = (
			);
			dependencies = (
			);
			name = videoPlayer;
			productName = videoPlayer;
			productReference = 91D1D07B1EAFED78001A293E /* videoPlayer */;
			productType = "com.apple.product-type.tool";
		};
/* End PBXNativeTarget section */

/* Begin PBXProject section */
		91D1D0731EAFED78001A293E /* Project object */ = {
			isa = PBXProject;
			attributes = {
				LastUpgradeCheck = 0900;
				ORGANIZATIONNAME = oxygn;
				TargetAttributes = {
					916B68971F1F3C74001D1FDF = {
						CreatedOnToolsVersion = 9.0;
						DevelopmentTeam = APB6HJW5WB;
					};
					91D1D07A1EAFED78001A293E = {
						CreatedOnToolsVersion = 8.2.1;
						DevelopmentTeam = A4X9GJ79LS;
						ProvisioningStyle = Automatic;
					};
				};
			};
			buildConfigurationList = 91D1D0761EAFED78001A293E /* Build configuration list for PBXProject "OpenCVBook" */;
			compatibilityVersion = "Xcode 3.2";
			developmentRegion = English;
			hasScannedForEncodings = 0;
			knownRegions = (
				en,
			);
			mainGroup = 91D1D0721EAFED78001A293E;
			productRefGroup = 91D1D07C1EAFED78001A293E /* Products */;
			projectDirPath = "";
			projectRoot = "";
			targets = (
				91D1D07A1EAFED78001A293E /* videoPlayer */,
				916B68971F1F3C74001D1FDF /* OpenCVBookTests */,
			);
		};
/* End PBXProject section */

/* Begin PBXResourcesBuildPhase section */
		916B68961F1F3C74001D1FDF /* Resources */ = {
			isa = PBXResourcesBuildPhase;
			buildActionMask = 2147483647;
			files = (
			);
			runOnlyForDeploymentPostprocessing = 0;
		};
/* End PBXResourcesBuildPhase section */

/* Begin PBXSourcesBuildPhase section */
		916B68941F1F3C74001D1FDF /* Sources */ = {
			isa = PBXSourcesBuildPhase;
			buildActionMask = 2147483647;
			files = (
				916B689B1F1F3C74001D1FDF /* openCVBookTests.mm in Sources */,
			);
			runOnlyForDeploymentPostprocessing = 0;
		};
		91D1D0771EAFED78001A293E /* Sources */ = {
			isa = PBXSourcesBuildPhase;
			buildActionMask = 2147483647;
			files = (
				91D1D07F1EAFED78001A293E /* main.cpp in Sources */,
			);
			runOnlyForDeploymentPostprocessing = 0;
		};
/* End PBXSourcesBuildPhase section */

/* Begin XCBuildConfiguration section */
		916B689D1F1F3C74001D1FDF /* Debug */ = {
			isa = XCBuildConfiguration;
			buildSettings = {
				CLANG_ANALYZER_NUMBER_OBJECT_CONVERSION = YES_AGGRESSIVE;
				CLANG_CXX_LANGUAGE_STANDARD = "gnu++14";
				CLANG_WARN_BLOCK_CAPTURE_AUTORELEASING = YES;
				CLANG_WARN_COMMA = YES;
				CLANG_WARN_DOCUMENTATION_COMMENTS = NO;
				CLANG_WARN_RANGE_LOOP_ANALYSIS = YES;
				CLANG_WARN_STRICT_PROTOTYPES = YES;
				CLANG_WARN_UNGUARDED_AVAILABILITY = YES_AGGRESSIVE;
				CODE_SIGN_IDENTITY = "Mac Developer";
				COMBINE_HIDPI_IMAGES = YES;
				DEVELOPMENT_TEAM = APB6HJW5WB;
				GCC_C_LANGUAGE_STANDARD = gnu11;
				HEADER_SEARCH_PATHS = /usr/local/Cellar/opencv3/3.2.0/include;
				INFOPLIST_FILE = videoPlayerTests/Info.plist;
				LD_RUNPATH_SEARCH_PATHS = "$(inherited) @executable_path/../Frameworks @loader_path/../Frameworks /usr/local/Cellar/opencv3/3.2.0/lib";
				LIBRARY_SEARCH_PATHS = (
					"$(inherited)",
					/usr/local/Cellar/opencv3/3.2.0/lib,
				);
				PRODUCT_BUNDLE_IDENTIFIER = com.hyperbarn.videoPlayerTests;
				PRODUCT_NAME = "$(TARGET_NAME)";
			};
			name = Debug;
		};
		916B689E1F1F3C74001D1FDF /* Release */ = {
			isa = XCBuildConfiguration;
			buildSettings = {
				CLANG_ANALYZER_NUMBER_OBJECT_CONVERSION = YES_AGGRESSIVE;
				CLANG_CXX_LANGUAGE_STANDARD = "gnu++14";
				CLANG_WARN_BLOCK_CAPTURE_AUTORELEASING = YES;
				CLANG_WARN_COMMA = YES;
				CLANG_WARN_DOCUMENTATION_COMMENTS = NO;
				CLANG_WARN_RANGE_LOOP_ANALYSIS = YES;
				CLANG_WARN_STRICT_PROTOTYPES = YES;
				CLANG_WARN_UNGUARDED_AVAILABILITY = YES_AGGRESSIVE;
				CODE_SIGN_IDENTITY = "Mac Developer";
				COMBINE_HIDPI_IMAGES = YES;
				DEVELOPMENT_TEAM = APB6HJW5WB;
				GCC_C_LANGUAGE_STANDARD = gnu11;
				HEADER_SEARCH_PATHS = /usr/local/Cellar/opencv3/3.2.0/include;
				INFOPLIST_FILE = videoPlayerTests/Info.plist;
				LD_RUNPATH_SEARCH_PATHS = "$(inherited) @executable_path/../Frameworks @loader_path/../Frameworks /usr/local/Cellar/opencv3/3.2.0/lib";
				LIBRARY_SEARCH_PATHS = (
					"$(inherited)",
					/usr/local/Cellar/opencv3/3.2.0/lib,
				);
				PRODUCT_BUNDLE_IDENTIFIER = com.hyperbarn.videoPlayerTests;
				PRODUCT_NAME = "$(TARGET_NAME)";
			};
			name = Release;
		};
		91D1D0801EAFED78001A293E /* Debug */ = {
			isa = XCBuildConfiguration;
			buildSettings = {
				ALWAYS_SEARCH_USER_PATHS = NO;
				CLANG_ANALYZER_NONNULL = YES;
				CLANG_CXX_LANGUAGE_STANDARD = "gnu++0x";
				CLANG_CXX_LIBRARY = "libc++";
				CLANG_ENABLE_MODULES = YES;
				CLANG_ENABLE_OBJC_ARC = YES;
				CLANG_WARN_BLOCK_CAPTURE_AUTORELEASING = YES;
				CLANG_WARN_BOOL_CONVERSION = YES;
				CLANG_WARN_COMMA = YES;
				CLANG_WARN_CONSTANT_CONVERSION = YES;
				CLANG_WARN_DIRECT_OBJC_ISA_USAGE = YES_ERROR;
				CLANG_WARN_DOCUMENTATION_COMMENTS = YES;
				CLANG_WARN_EMPTY_BODY = YES;
				CLANG_WARN_ENUM_CONVERSION = YES;
				CLANG_WARN_INFINITE_RECURSION = YES;
				CLANG_WARN_INT_CONVERSION = YES;
				CLANG_WARN_NON_LITERAL_NULL_CONVERSION = YES;
				CLANG_WARN_OBJC_LITERAL_CONVERSION = YES;
				CLANG_WARN_OBJC_ROOT_CLASS = YES_ERROR;
				CLANG_WARN_RANGE_LOOP_ANALYSIS = YES;
				CLANG_WARN_STRICT_PROTOTYPES = YES;
				CLANG_WARN_SUSPICIOUS_MOVE = YES;
				CLANG_WARN_UNREACHABLE_CODE = YES;
				CLANG_WARN__DUPLICATE_METHOD_MATCH = YES;
				CODE_SIGN_IDENTITY = "-";
				COPY_PHASE_STRIP = NO;
				DEBUG_INFORMATION_FORMAT = dwarf;
				ENABLE_STRICT_OBJC_MSGSEND = YES;
				ENABLE_TESTABILITY = YES;
				GCC_C_LANGUAGE_STANDARD = gnu99;
				GCC_DYNAMIC_NO_PIC = NO;
				GCC_NO_COMMON_BLOCKS = YES;
				GCC_OPTIMIZATION_LEVEL = 0;
				GCC_PREPROCESSOR_DEFINITIONS = (
					"DEBUG=1",
					"$(inherited)",
				);
				GCC_WARN_64_TO_32_BIT_CONVERSION = YES;
				GCC_WARN_ABOUT_RETURN_TYPE = YES_ERROR;
				GCC_WARN_UNDECLARED_SELECTOR = YES;
				GCC_WARN_UNINITIALIZED_AUTOS = YES_AGGRESSIVE;
				GCC_WARN_UNUSED_FUNCTION = YES;
				GCC_WARN_UNUSED_VARIABLE = YES;
				MACOSX_DEPLOYMENT_TARGET = 10.12;
				MTL_ENABLE_DEBUG_INFO = YES;
				ONLY_ACTIVE_ARCH = YES;
				SDKROOT = macosx;
			};
			name = Debug;
		};
		91D1D0811EAFED78001A293E /* Release */ = {
			isa = XCBuildConfiguration;
			buildSettings = {
				ALWAYS_SEARCH_USER_PATHS = NO;
				CLANG_ANALYZER_NONNULL = YES;
				CLANG_CXX_LANGUAGE_STANDARD = "gnu++0x";
				CLANG_CXX_LIBRARY = "libc++";
				CLANG_ENABLE_MODULES = YES;
				CLANG_ENABLE_OBJC_ARC = YES;
				CLANG_WARN_BLOCK_CAPTURE_AUTORELEASING = YES;
				CLANG_WARN_BOOL_CONVERSION = YES;
				CLANG_WARN_COMMA = YES;
				CLANG_WARN_CONSTANT_CONVERSION = YES;
				CLANG_WARN_DIRECT_OBJC_ISA_USAGE = YES_ERROR;
				CLANG_WARN_DOCUMENTATION_COMMENTS = YES;
				CLANG_WARN_EMPTY_BODY = YES;
				CLANG_WARN_ENUM_CONVERSION = YES;
				CLANG_WARN_INFINITE_RECURSION = YES;
				CLANG_WARN_INT_CONVERSION = YES;
				CLANG_WARN_NON_LITERAL_NULL_CONVERSION = YES;
				CLANG_WARN_OBJC_LITERAL_CONVERSION = YES;
				CLANG_WARN_OBJC_ROOT_CLASS = YES_ERROR;
				CLANG_WARN_RANGE_LOOP_ANALYSIS = YES;
				CLANG_WARN_STRICT_PROTOTYPES = YES;
				CLANG_WARN_SUSPICIOUS_MOVE = YES;
				CLANG_WARN_UNREACHABLE_CODE = YES;
				CLANG_WARN__DUPLICATE_METHOD_MATCH = YES;
				CODE_SIGN_IDENTITY = "-";
				COPY_PHASE_STRIP = NO;
				DEBUG_INFORMATION_FORMAT = "dwarf-with-dsym";
				ENABLE_NS_ASSERTIONS = NO;
				ENABLE_STRICT_OBJC_MSGSEND = YES;
				GCC_C_LANGUAGE_STANDARD = gnu99;
				GCC_NO_COMMON_BLOCKS = YES;
				GCC_WARN_64_TO_32_BIT_CONVERSION = YES;
				GCC_WARN_ABOUT_RETURN_TYPE = YES_ERROR;
				GCC_WARN_UNDECLARED_SELECTOR = YES;
				GCC_WARN_UNINITIALIZED_AUTOS = YES_AGGRESSIVE;
				GCC_WARN_UNUSED_FUNCTION = YES;
				GCC_WARN_UNUSED_VARIABLE = YES;
				MACOSX_DEPLOYMENT_TARGET = 10.12;
				MTL_ENABLE_DEBUG_INFO = NO;
				SDKROOT = macosx;
			};
			name = Release;
		};
		91D1D0831EAFED78001A293E /* Debug */ = {
			isa = XCBuildConfiguration;
			buildSettings = {
				DEVELOPMENT_TEAM = A4X9GJ79LS;
				HEADER_SEARCH_PATHS = /usr/local/Cellar/opencv3/3.2.0/include;
				LD_RUNPATH_SEARCH_PATHS = /usr/local/Cellar/opencv3/3.2.0/lib;
				LIBRARY_SEARCH_PATHS = (
					"$(inherited)",
					/usr/local/Cellar/opencv3/3.2.0/lib,
				);
				PRODUCT_NAME = "$(TARGET_NAME)";
			};
			name = Debug;
		};
		91D1D0841EAFED78001A293E /* Release */ = {
			isa = XCBuildConfiguration;
			buildSettings = {
				DEVELOPMENT_TEAM = A4X9GJ79LS;
				HEADER_SEARCH_PATHS = /usr/local/Cellar/opencv3/3.2.0/include;
				LD_RUNPATH_SEARCH_PATHS = /usr/local/Cellar/opencv3/3.2.0/lib;
				LIBRARY_SEARCH_PATHS = (
					"$(inherited)",
					/usr/local/Cellar/opencv3/3.2.0/lib,
				);
				PRODUCT_NAME = "$(TARGET_NAME)";
			};
			name = Release;
		};
/* End XCBuildConfiguration section */

/* Begin XCConfigurationList section */
		916B689F1F1F3C74001D1FDF /* Build configuration list for PBXNativeTarget "OpenCVBookTests" */ = {
			isa = XCConfigurationList;
			buildConfigurations = (
				916B689D1F1F3C74001D1FDF /* Debug */,
				916B689E1F1F3C74001D1FDF /* Release */,
			);
			defaultConfigurationIsVisible = 0;
			defaultConfigurationName = Release;
		};
		91D1D0761EAFED78001A293E /* Build configuration list for PBXProject "OpenCVBook" */ = {
			isa = XCConfigurationList;
			buildConfigurations = (
				91D1D0801EAFED78001A293E /* Debug */,
				91D1D0811EAFED78001A293E /* Release */,
			);
			defaultConfigurationIsVisible = 0;
			defaultConfigurationName = Release;
		};
		91D1D0821EAFED78001A293E /* Build configuration list for PBXNativeTarget "videoPlayer" */ = {
			isa = XCConfigurationList;
			buildConfigurations = (
				91D1D0831EAFED78001A293E /* Debug */,
				91D1D0841EAFED78001A293E /* Release */,
			);
			defaultConfigurationIsVisible = 0;
			defaultConfigurationName = Release;
		};
/* End XCConfigurationList section */
	};
	rootObject = 91D1D0731EAFED78001A293E /* Project object */;
}
